
Microsoft Visual Studio Solution File, Format Version 12.00
# Visual Studio Version 16
VisualStudioVersion = 16.0.30709.64
MinimumVisualStudioVersion = 10.0.40219.1
Project("{9A19103F-16F7-4668-BE54-9A1E7A4F7556}") = "WindsorStartupError", "WindsorStartupError\WindsorStartupError.csproj", "{7B0D4663-2708-4D4E-8D02-15141ABC97CA}"
EndProject
Project("{FAE04EC0-301F-11D3-BF4B-00C04F79EFBC}") = "SimpleLoadTest", "SimpleLoadTest\SimpleLoadTest.csproj", "{44535DB5-9547-4B4B-80B3-C9AD89972F7A}"
EndProject
Global
	GlobalSection(SolutionConfigurationPlatforms) = preSolution
		Debug|Any CPU = Debug|Any CPU
		Release|Any CPU = Release|Any CPU
	EndGlobalSection
	GlobalSection(ProjectConfigurationPlatforms) = postSolution
		{7B0D4663-2708-4D4E-8D02-15141ABC97CA}.Debug|Any CPU.ActiveCfg = Debug|Any CPU
		{7B0D4663-2708-4D4E-8D02-15141ABC97CA}.Debug|Any CPU.Build.0 = Debug|Any CPU
		{7B0D4663-2708-4D4E-8D02-15141ABC97CA}.Release|Any CPU.ActiveCfg = Release|Any CPU
		{7B0D4663-2708-4D4E-8D02-15141ABC97CA}.Release|Any CPU.Build.0 = Release|Any CPU
		{44535DB5-9547-4B4B-80B3-C9AD89972F7A}.Debug|Any CPU.ActiveCfg = Debug|Any CPU
		{44535DB5-9547-4B4B-80B3-C9AD89972F7A}.Debug|Any CPU.Build.0 = Debug|Any CPU
		{44535DB5-9547-4B4B-80B3-C9AD89972F7A}.Release|Any CPU.ActiveCfg = Release|Any CPU
		{44535DB5-9547-4B4B-80B3-C9AD89972F7A}.Release|Any CPU.Build.0 = Release|Any CPU
	EndGlobalSection
	GlobalSection(SolutionProperties) = preSolution
		HideSolutionNode = FALSE
	EndGlobalSection
	GlobalSection(ExtensibilityGlobals) = postSolution
		SolutionGuid = {1F052D37-85BB-46D3-AF48-C4FFE10945AB}
	EndGlobalSection
EndGlobal
